
Microsoft Visual Studio Solution File, Format Version 12.00
Project("{FAE04EC0-301F-11D3-BF4B-00C04F79EFBC}") = "BonusPP", "BonusPP\BonusPP.csproj", "{E9888DD9-D8AB-4950-959C-92598A97AE51}"
EndProject
Global
	GlobalSection(SolutionConfigurationPlatforms) = preSolution
		Debug|Any CPU = Debug|Any CPU
		Release|Any CPU = Release|Any CPU
	EndGlobalSection
	GlobalSection(ProjectConfigurationPlatforms) = postSolution
		{E9888DD9-D8AB-4950-959C-92598A97AE51}.Debug|Any CPU.ActiveCfg = Debug|Any CPU
		{E9888DD9-D8AB-4950-959C-92598A97AE51}.Debug|Any CPU.Build.0 = Debug|Any CPU
		{E9888DD9-D8AB-4950-959C-92598A97AE51}.Release|Any CPU.ActiveCfg = Release|Any CPU
		{E9888DD9-D8AB-4950-959C-92598A97AE51}.Release|Any CPU.Build.0 = Release|Any CPU
	EndGlobalSection
EndGlobal
